// !$*UTF8*$!
{
	archiveVersion = 1;
	classes = {
	};
	objectVersion = 77;
	objects = {

/* Begin PBXBuildFile section */
		082018622EF6F9B3001B5AAF /* Assets.xcassets in Resources */ = {isa = PBXBuildFile; fileRef = 0820185E2EF6F9B3001B5AAF /* Assets.xcassets */; };
		082018642EF6F9B3001B5AAF /* ShopApp.swift in Sources */ = {isa = PBXBuildFile; fileRef = 082018602EF6F9B3001B5AAF /* ShopApp.swift */; };
		082018782EF6F9D6001B5AAF /* SplashView.swift in Sources */ = {isa = PBXBuildFile; fileRef = 082018712EF6F9D6001B5AAF /* SplashView.swift */; };
		082018792EF6F9D6001B5AAF /* AppTourView.swift in Sources */ = {isa = PBXBuildFile; fileRef = 082018702EF6F9D6001B5AAF /* AppTourView.swift */; };
		0820187A2EF6F9D6001B5AAF /* TourModel.swift in Sources */ = {isa = PBXBuildFile; fileRef = 0820186E2EF6F9D6001B5AAF /* TourModel.swift */; };
		0820187B2EF6F9D6001B5AAF /* CustomFont.swift in Sources */ = {isa = PBXBuildFile; fileRef = 082018762EF6F9D6001B5AAF /* CustomFont.swift */; };
		0820187C2EF6F9D6001B5AAF /* CustomColors.swift in Sources */ = {isa = PBXBuildFile; fileRef = 082018752EF6F9D6001B5AAF /* CustomColors.swift */; };
		0820187D2EF6F9D6001B5AAF /* CustomButtons.swift in Sources */ = {isa = PBXBuildFile; fileRef = 082018742EF6F9D6001B5AAF /* CustomButtons.swift */; };
		0820187E2EF6F9D6001B5AAF /* Sora-SemiBold.ttf in Resources */ = {isa = PBXBuildFile; fileRef = 0820186A2EF6F9D6001B5AAF /* Sora-SemiBold.ttf */; };
		0820187F2EF6F9D6001B5AAF /* Sora-Light.ttf in Resources */ = {isa = PBXBuildFile; fileRef = 082018672EF6F9D6001B5AAF /* Sora-Light.ttf */; };
		082018802EF6F9D6001B5AAF /* Sora-Bold.ttf in Resources */ = {isa = PBXBuildFile; fileRef = 082018662EF6F9D6001B5AAF /* Sora-Bold.ttf */; };
		082018812EF6F9D6001B5AAF /* Sora-Medium.ttf in Resources */ = {isa = PBXBuildFile; fileRef = 082018682EF6F9D6001B5AAF /* Sora-Medium.ttf */; };
		082018822EF6F9D6001B5AAF /* Sora-Regular.ttf in Resources */ = {isa = PBXBuildFile; fileRef = 082018692EF6F9D6001B5AAF /* Sora-Regular.ttf */; };
		082018832EF6F9D6001B5AAF /* Launch Screen.storyboard in Resources */ = {isa = PBXBuildFile; fileRef = 0820186C2EF6F9D6001B5AAF /* Launch Screen.storyboard */; };
		082018842EF6F9D6001B5AAF /* Inter-Bold.ttf in Resources */ = {isa = PBXBuildFile; fileRef = 082018652EF6F9D6001B5AAF /* Inter-Bold.ttf */; };
		082018A02EF84268001B5AAF /* LoginView.swift in Sources */ = {isa = PBXBuildFile; fileRef = 0820189F2EF84268001B5AAF /* LoginView.swift */; };
		082018A32EF84E0B001B5AAF /* LandingView.swift in Sources */ = {isa = PBXBuildFile; fileRef = 082018A22EF84E0B001B5AAF /* LandingView.swift */; };
		082018A52EF84F43001B5AAF /* CustomTextField.swift in Sources */ = {isa = PBXBuildFile; fileRef = 082018A42EF84F43001B5AAF /* CustomTextField.swift */; };
		082018A92F04EBC6001B5AAF /* CustomViewModifier.swift in Sources */ = {isa = PBXBuildFile; fileRef = 082018A82F04EBC6001B5AAF /* CustomViewModifier.swift */; };
/* End PBXBuildFile section */

/* Begin PBXFileReference section */
		0820183E2EF6F7D9001B5AAF /* Shop.app */ = {isa = PBXFileReference; explicitFileType = wrapper.application; includeInIndex = 0; path = Shop.app; sourceTree = BUILT_PRODUCTS_DIR; };
		0820185E2EF6F9B3001B5AAF /* Assets.xcassets */ = {isa = PBXFileReference; lastKnownFileType = folder.assetcatalog; path = Assets.xcassets; sourceTree = "<group>"; };
		082018602EF6F9B3001B5AAF /* ShopApp.swift */ = {isa = PBXFileReference; lastKnownFileType = sourcecode.swift; path = ShopApp.swift; sourceTree = "<group>"; };
		082018652EF6F9D6001B5AAF /* Inter-Bold.ttf */ = {isa = PBXFileReference; lastKnownFileType = file; path = "Inter-Bold.ttf"; sourceTree = "<group>"; };
		082018662EF6F9D6001B5AAF /* Sora-Bold.ttf */ = {isa = PBXFileReference; lastKnownFileType = file; path = "Sora-Bold.ttf"; sourceTree = "<group>"; };
		082018672EF6F9D6001B5AAF /* Sora-Light.ttf */ = {isa = PBXFileReference; lastKnownFileType = file; path = "Sora-Light.ttf"; sourceTree = "<group>"; };
		082018682EF6F9D6001B5AAF /* Sora-Medium.ttf */ = {isa = PBXFileReference; lastKnownFileType = file; path = "Sora-Medium.ttf"; sourceTree = "<group>"; };
		082018692EF6F9D6001B5AAF /* Sora-Regular.ttf */ = {isa = PBXFileReference; lastKnownFileType = file; path = "Sora-Regular.ttf"; sourceTree = "<group>"; };
		0820186A2EF6F9D6001B5AAF /* Sora-SemiBold.ttf */ = {isa = PBXFileReference; lastKnownFileType = file; path = "Sora-SemiBold.ttf"; sourceTree = "<group>"; };
		0820186C2EF6F9D6001B5AAF /* Launch Screen.storyboard */ = {isa = PBXFileReference; lastKnownFileType = file.storyboard; path = "Launch Screen.storyboard"; sourceTree = "<group>"; };
		0820186E2EF6F9D6001B5AAF /* TourModel.swift */ = {isa = PBXFileReference; lastKnownFileType = sourcecode.swift; path = TourModel.swift; sourceTree = "<group>"; };
		082018702EF6F9D6001B5AAF /* AppTourView.swift */ = {isa = PBXFileReference; lastKnownFileType = sourcecode.swift; path = AppTourView.swift; sourceTree = "<group>"; };
		082018712EF6F9D6001B5AAF /* SplashView.swift */ = {isa = PBXFileReference; lastKnownFileType = sourcecode.swift; path = SplashView.swift; sourceTree = "<group>"; };
		082018742EF6F9D6001B5AAF /* CustomButtons.swift */ = {isa = PBXFileReference; lastKnownFileType = sourcecode.swift; path = CustomButtons.swift; sourceTree = "<group>"; };
		082018752EF6F9D6001B5AAF /* CustomColors.swift */ = {isa = PBXFileReference; lastKnownFileType = sourcecode.swift; path = CustomColors.swift; sourceTree = "<group>"; };
		082018762EF6F9D6001B5AAF /* CustomFont.swift */ = {isa = PBXFileReference; lastKnownFileType = sourcecode.swift; path = CustomFont.swift; sourceTree = "<group>"; };
		082018862EF6FA41001B5AAF /* Info.plist */ = {isa = PBXFileReference; lastKnownFileType = text.plist.xml; path = Info.plist; sourceTree = "<group>"; };
		0820189F2EF84268001B5AAF /* LoginView.swift */ = {isa = PBXFileReference; lastKnownFileType = sourcecode.swift; path = LoginView.swift; sourceTree = "<group>"; };
		082018A22EF84E0B001B5AAF /* LandingView.swift */ = {isa = PBXFileReference; lastKnownFileType = sourcecode.swift; path = LandingView.swift; sourceTree = "<group>"; };
		082018A42EF84F43001B5AAF /* CustomTextField.swift */ = {isa = PBXFileReference; lastKnownFileType = sourcecode.swift; path = CustomTextField.swift; sourceTree = "<group>"; };
		082018A82F04EBC6001B5AAF /* CustomViewModifier.swift */ = {isa = PBXFileReference; lastKnownFileType = sourcecode.swift; path = CustomViewModifier.swift; sourceTree = "<group>"; };
/* End PBXFileReference section */

/* Begin PBXFrameworksBuildPhase section */
		0820183B2EF6F7D9001B5AAF /* Frameworks */ = {
			isa = PBXFrameworksBuildPhase;
			buildActionMask = 2147483647;
			files = (
			);
			runOnlyForDeploymentPostprocessing = 0;
		};
/* End PBXFrameworksBuildPhase section */

/* Begin PBXGroup section */
		082018352EF6F7D9001B5AAF = {
			isa = PBXGroup;
			children = (
				082018612EF6F9B3001B5AAF /* Shop */,
				0820183F2EF6F7D9001B5AAF /* Products */,
			);
			sourceTree = "<group>";
		};
		0820183F2EF6F7D9001B5AAF /* Products */ = {
			isa = PBXGroup;
			children = (
				0820183E2EF6F7D9001B5AAF /* Shop.app */,
			);
			name = Products;
			sourceTree = "<group>";
		};
		082018612EF6F9B3001B5AAF /* Shop */ = {
			isa = PBXGroup;
			children = (
				082018852EF6F9EA001B5AAF /* App */,
				0820186D2EF6F9D6001B5AAF /* LaunchScreen */,
				082018732EF6F9D6001B5AAF /* Onboarding */,
				0820189E2EF84257001B5AAF /* Login */,
				082018A12EF84DFC001B5AAF /* Landing */,
				0820186B2EF6F9D6001B5AAF /* Fonts */,
				082018772EF6F9D6001B5AAF /* UIComponents */,
				082018862EF6FA41001B5AAF /* Info.plist */,
				0820185E2EF6F9B3001B5AAF /* Assets.xcassets */,
			);
			path = Shop;
			sourceTree = "<group>";
		};
		0820186B2EF6F9D6001B5AAF /* Fonts */ = {
			isa = PBXGroup;
			children = (
				082018652EF6F9D6001B5AAF /* Inter-Bold.ttf */,
				082018662EF6F9D6001B5AAF /* Sora-Bold.ttf */,
				082018672EF6F9D6001B5AAF /* Sora-Light.ttf */,
				082018682EF6F9D6001B5AAF /* Sora-Medium.ttf */,
				082018692EF6F9D6001B5AAF /* Sora-Regular.ttf */,
				0820186A2EF6F9D6001B5AAF /* Sora-SemiBold.ttf */,
			);
			path = Fonts;
			sourceTree = "<group>";
		};
		0820186D2EF6F9D6001B5AAF /* LaunchScreen */ = {
			isa = PBXGroup;
			children = (
				0820186C2EF6F9D6001B5AAF /* Launch Screen.storyboard */,
			);
			path = LaunchScreen;
			sourceTree = "<group>";
		};
		0820186F2EF6F9D6001B5AAF /* Model */ = {
			isa = PBXGroup;
			children = (
				0820186E2EF6F9D6001B5AAF /* TourModel.swift */,
			);
			path = Model;
			sourceTree = "<group>";
		};
		082018722EF6F9D6001B5AAF /* View */ = {
			isa = PBXGroup;
			children = (
				082018712EF6F9D6001B5AAF /* SplashView.swift */,
				082018702EF6F9D6001B5AAF /* AppTourView.swift */,
			);
			path = View;
			sourceTree = "<group>";
		};
		082018732EF6F9D6001B5AAF /* Onboarding */ = {
			isa = PBXGroup;
			children = (
				0820186F2EF6F9D6001B5AAF /* Model */,
				082018722EF6F9D6001B5AAF /* View */,
			);
			path = Onboarding;
			sourceTree = "<group>";
		};
		082018772EF6F9D6001B5AAF /* UIComponents */ = {
			isa = PBXGroup;
			children = (
				082018742EF6F9D6001B5AAF /* CustomButtons.swift */,
				082018752EF6F9D6001B5AAF /* CustomColors.swift */,
				082018762EF6F9D6001B5AAF /* CustomFont.swift */,
				082018A42EF84F43001B5AAF /* CustomTextField.swift */,
				082018A82F04EBC6001B5AAF /* CustomViewModifier.swift */,
			);
			path = UIComponents;
			sourceTree = "<group>";
		};
		082018852EF6F9EA001B5AAF /* App */ = {
			isa = PBXGroup;
			children = (
				082018602EF6F9B3001B5AAF /* ShopApp.swift */,
			);
			path = App;
			sourceTree = "<group>";
		};
		0820189E2EF84257001B5AAF /* Login */ = {
			isa = PBXGroup;
			children = (
				0820189F2EF84268001B5AAF /* LoginView.swift */,
			);
			path = Login;
			sourceTree = "<group>";
		};
		082018A12EF84DFC001B5AAF /* Landing */ = {
			isa = PBXGroup;
			children = (
				082018A22EF84E0B001B5AAF /* LandingView.swift */,
			);
			path = Landing;
			sourceTree = "<group>";
		};
/* End PBXGroup section */

/* Begin PBXNativeTarget section */
		0820183D2EF6F7D9001B5AAF /* Shop */ = {
			isa = PBXNativeTarget;
			buildConfigurationList = 082018492EF6F7DB001B5AAF /* Build configuration list for PBXNativeTarget "Shop" */;
			buildPhases = (
				0820183A2EF6F7D9001B5AAF /* Sources */,
				0820183B2EF6F7D9001B5AAF /* Frameworks */,
				0820183C2EF6F7D9001B5AAF /* Resources */,
			);
			buildRules = (
			);
			dependencies = (
			);
			name = Shop;
			packageProductDependencies = (
			);
			productName = Shop;
			productReference = 0820183E2EF6F7D9001B5AAF /* Shop.app */;
			productType = "com.apple.product-type.application";
		};
/* End PBXNativeTarget section */

/* Begin PBXProject section */
		082018362EF6F7D9001B5AAF /* Project object */ = {
			isa = PBXProject;
			attributes = {
				BuildIndependentTargetsInParallel = 1;
				LastSwiftUpdateCheck = 2600;
				LastUpgradeCheck = 2600;
				TargetAttributes = {
					0820183D2EF6F7D9001B5AAF = {
						CreatedOnToolsVersion = 26.0;
					};
				};
			};
			buildConfigurationList = 082018392EF6F7D9001B5AAF /* Build configuration list for PBXProject "Shop" */;
			developmentRegion = en;
			hasScannedForEncodings = 0;
			knownRegions = (
				en,
				Base,
			);
			mainGroup = 082018352EF6F7D9001B5AAF;
			minimizedProjectReferenceProxies = 1;
			preferredProjectObjectVersion = 77;
			productRefGroup = 0820183F2EF6F7D9001B5AAF /* Products */;
			projectDirPath = "";
			projectRoot = "";
			targets = (
				0820183D2EF6F7D9001B5AAF /* Shop */,
			);
		};
/* End PBXProject section */

/* Begin PBXResourcesBuildPhase section */
		0820183C2EF6F7D9001B5AAF /* Resources */ = {
			isa = PBXResourcesBuildPhase;
			buildActionMask = 2147483647;
			files = (
				0820187E2EF6F9D6001B5AAF /* Sora-SemiBold.ttf in Resources */,
				0820187F2EF6F9D6001B5AAF /* Sora-Light.ttf in Resources */,
				082018802EF6F9D6001B5AAF /* Sora-Bold.ttf in Resources */,
				082018812EF6F9D6001B5AAF /* Sora-Medium.ttf in Resources */,
				082018822EF6F9D6001B5AAF /* Sora-Regular.ttf in Resources */,
				082018832EF6F9D6001B5AAF /* Launch Screen.storyboard in Resources */,
				082018842EF6F9D6001B5AAF /* Inter-Bold.ttf in Resources */,
				082018622EF6F9B3001B5AAF /* Assets.xcassets in Resources */,
			);
			runOnlyForDeploymentPostprocessing = 0;
		};
/* End PBXResourcesBuildPhase section */

/* Begin PBXSourcesBuildPhase section */
		0820183A2EF6F7D9001B5AAF /* Sources */ = {
			isa = PBXSourcesBuildPhase;
			buildActionMask = 2147483647;
			files = (
				082018A32EF84E0B001B5AAF /* LandingView.swift in Sources */,
				082018782EF6F9D6001B5AAF /* SplashView.swift in Sources */,
				082018792EF6F9D6001B5AAF /* AppTourView.swift in Sources */,
				0820187A2EF6F9D6001B5AAF /* TourModel.swift in Sources */,
				082018A52EF84F43001B5AAF /* CustomTextField.swift in Sources */,
				0820187B2EF6F9D6001B5AAF /* CustomFont.swift in Sources */,
				0820187C2EF6F9D6001B5AAF /* CustomColors.swift in Sources */,
				0820187D2EF6F9D6001B5AAF /* CustomButtons.swift in Sources */,
				082018A92F04EBC6001B5AAF /* CustomViewModifier.swift in Sources */,
				082018A02EF84268001B5AAF /* LoginView.swift in Sources */,
				082018642EF6F9B3001B5AAF /* ShopApp.swift in Sources */,
			);
			runOnlyForDeploymentPostprocessing = 0;
		};
/* End PBXSourcesBuildPhase section */

/* Begin XCBuildConfiguration section */
		082018472EF6F7DB001B5AAF /* Debug */ = {
			isa = XCBuildConfiguration;
			buildSettings = {
				ALWAYS_SEARCH_USER_PATHS = NO;
				ASSETCATALOG_COMPILER_GENERATE_SWIFT_ASSET_SYMBOL_EXTENSIONS = YES;
				CLANG_ANALYZER_NONNULL = YES;
				CLANG_ANALYZER_NUMBER_OBJECT_CONVERSION = YES_AGGRESSIVE;
				CLANG_CXX_LANGUAGE_STANDARD = "gnu++20";
				CLANG_ENABLE_MODULES = YES;
				CLANG_ENABLE_OBJC_ARC = YES;
				CLANG_ENABLE_OBJC_WEAK = YES;
				CLANG_WARN_BLOCK_CAPTURE_AUTORELEASING = YES;
				CLANG_WARN_BOOL_CONVERSION = YES;
				CLANG_WARN_COMMA = YES;
				CLANG_WARN_CONSTANT_CONVERSION = YES;
				CLANG_WARN_DEPRECATED_OBJC_IMPLEMENTATIONS = YES;
				CLANG_WARN_DIRECT_OBJC_ISA_USAGE = YES_ERROR;
				CLANG_WARN_DOCUMENTATION_COMMENTS = YES;
				CLANG_WARN_EMPTY_BODY = YES;
				CLANG_WARN_ENUM_CONVERSION = YES;
				CLANG_WARN_INFINITE_RECURSION = YES;
				CLANG_WARN_INT_CONVERSION = YES;
				CLANG_WARN_NON_LITERAL_NULL_CONVERSION = YES;
				CLANG_WARN_OBJC_IMPLICIT_RETAIN_SELF = YES;
				CLANG_WARN_OBJC_LITERAL_CONVERSION = YES;
				CLANG_WARN_OBJC_ROOT_CLASS = YES_ERROR;
				CLANG_WARN_QUOTED_INCLUDE_IN_FRAMEWORK_HEADER = YES;
				CLANG_WARN_RANGE_LOOP_ANALYSIS = YES;
				CLANG_WARN_STRICT_PROTOTYPES = YES;
				CLANG_WARN_SUSPICIOUS_MOVE = YES;
				CLANG_WARN_UNGUARDED_AVAILABILITY = YES_AGGRESSIVE;
				CLANG_WARN_UNREACHABLE_CODE = YES;
				CLANG_WARN__DUPLICATE_METHOD_MATCH = YES;
				COPY_PHASE_STRIP = NO;
				DEBUG_INFORMATION_FORMAT = dwarf;
				DEVELOPMENT_TEAM = 649YS6C548;
				ENABLE_STRICT_OBJC_MSGSEND = YES;
				ENABLE_TESTABILITY = YES;
				ENABLE_USER_SCRIPT_SANDBOXING = YES;
				GCC_C_LANGUAGE_STANDARD = gnu17;
				GCC_DYNAMIC_NO_PIC = NO;
				GCC_NO_COMMON_BLOCKS = YES;
				GCC_OPTIMIZATION_LEVEL = 0;
				GCC_PREPROCESSOR_DEFINITIONS = (
					"DEBUG=1",
					"$(inherited)",
				);
				GCC_WARN_64_TO_32_BIT_CONVERSION = YES;
				GCC_WARN_ABOUT_RETURN_TYPE = YES_ERROR;
				GCC_WARN_UNDECLARED_SELECTOR = YES;
				GCC_WARN_UNINITIALIZED_AUTOS = YES_AGGRESSIVE;
				GCC_WARN_UNUSED_FUNCTION = YES;
				GCC_WARN_UNUSED_VARIABLE = YES;
				IPHONEOS_DEPLOYMENT_TARGET = 26.0;
				LOCALIZATION_PREFERS_STRING_CATALOGS = YES;
				MTL_ENABLE_DEBUG_INFO = INCLUDE_SOURCE;
				MTL_FAST_MATH = YES;
				ONLY_ACTIVE_ARCH = YES;
				SDKROOT = iphoneos;
				SWIFT_ACTIVE_COMPILATION_CONDITIONS = "DEBUG $(inherited)";
				SWIFT_OPTIMIZATION_LEVEL = "-Onone";
			};
			name = Debug;
		};
		082018482EF6F7DB001B5AAF /* Release */ = {
			isa = XCBuildConfiguration;
			buildSettings = {
				ALWAYS_SEARCH_USER_PATHS = NO;
				ASSETCATALOG_COMPILER_GENERATE_SWIFT_ASSET_SYMBOL_EXTENSIONS = YES;
				CLANG_ANALYZER_NONNULL = YES;
				CLANG_ANALYZER_NUMBER_OBJECT_CONVERSION = YES_AGGRESSIVE;
				CLANG_CXX_LANGUAGE_STANDARD = "gnu++20";
				CLANG_ENABLE_MODULES = YES;
				CLANG_ENABLE_OBJC_ARC = YES;
				CLANG_ENABLE_OBJC_WEAK = YES;
				CLANG_WARN_BLOCK_CAPTURE_AUTORELEASING = YES;
				CLANG_WARN_BOOL_CONVERSION = YES;
				CLANG_WARN_COMMA = YES;
				CLANG_WARN_CONSTANT_CONVERSION = YES;
				CLANG_WARN_DEPRECATED_OBJC_IMPLEMENTATIONS = YES;
				CLANG_WARN_DIRECT_OBJC_ISA_USAGE = YES_ERROR;
				CLANG_WARN_DOCUMENTATION_COMMENTS = YES;
				CLANG_WARN_EMPTY_BODY = YES;
				CLANG_WARN_ENUM_CONVERSION = YES;
				CLANG_WARN_INFINITE_RECURSION = YES;
				CLANG_WARN_INT_CONVERSION = YES;
				CLANG_WARN_NON_LITERAL_NULL_CONVERSION = YES;
				CLANG_WARN_OBJC_IMPLICIT_RETAIN_SELF = YES;
				CLANG_WARN_OBJC_LITERAL_CONVERSION = YES;
				CLANG_WARN_OBJC_ROOT_CLASS = YES_ERROR;
				CLANG_WARN_QUOTED_INCLUDE_IN_FRAMEWORK_HEADER = YES;
				CLANG_WARN_RANGE_LOOP_ANALYSIS = YES;
				CLANG_WARN_STRICT_PROTOTYPES = YES;
				CLANG_WARN_SUSPICIOUS_MOVE = YES;
				CLANG_WARN_UNGUARDED_AVAILABILITY = YES_AGGRESSIVE;
				CLANG_WARN_UNREACHABLE_CODE = YES;
				CLANG_WARN__DUPLICATE_METHOD_MATCH = YES;
				COPY_PHASE_STRIP = NO;
				DEBUG_INFORMATION_FORMAT = "dwarf-with-dsym";
				DEVELOPMENT_TEAM = 649YS6C548;
				ENABLE_NS_ASSERTIONS = NO;
				ENABLE_STRICT_OBJC_MSGSEND = YES;
				ENABLE_USER_SCRIPT_SANDBOXING = YES;
				GCC_C_LANGUAGE_STANDARD = gnu17;
				GCC_NO_COMMON_BLOCKS = YES;
				GCC_WARN_64_TO_32_BIT_CONVERSION = YES;
				GCC_WARN_ABOUT_RETURN_TYPE = YES_ERROR;
				GCC_WARN_UNDECLARED_SELECTOR = YES;
				GCC_WARN_UNINITIALIZED_AUTOS = YES_AGGRESSIVE;
				GCC_WARN_UNUSED_FUNCTION = YES;
				GCC_WARN_UNUSED_VARIABLE = YES;
				IPHONEOS_DEPLOYMENT_TARGET = 26.0;
				LOCALIZATION_PREFERS_STRING_CATALOGS = YES;
				MTL_ENABLE_DEBUG_INFO = NO;
				MTL_FAST_MATH = YES;
				SDKROOT = iphoneos;
				SWIFT_COMPILATION_MODE = wholemodule;
				VALIDATE_PRODUCT = YES;
			};
			name = Release;
		};
		0820184A2EF6F7DB001B5AAF /* Debug */ = {
			isa = XCBuildConfiguration;
			buildSettings = {
				ASSETCATALOG_COMPILER_APPICON_NAME = AppIcon;
				ASSETCATALOG_COMPILER_GLOBAL_ACCENT_COLOR_NAME = AccentColor;
				CODE_SIGN_STYLE = Automatic;
				CURRENT_PROJECT_VERSION = 1;
				DEVELOPMENT_TEAM = 649YS6C548;
				ENABLE_PREVIEWS = YES;
				GENERATE_INFOPLIST_FILE = YES;
				INFOPLIST_FILE = Shop/Info.plist;
				INFOPLIST_KEY_UIApplicationSceneManifest_Generation = YES;
				INFOPLIST_KEY_UIApplicationSupportsIndirectInputEvents = YES;
				INFOPLIST_KEY_UILaunchScreen_Generation = YES;
				INFOPLIST_KEY_UILaunchStoryboardName = "Launch Screen";
				INFOPLIST_KEY_UISupportedInterfaceOrientations = UIInterfaceOrientationPortrait;
				INFOPLIST_KEY_UISupportedInterfaceOrientations_iPad = "UIInterfaceOrientationLandscapeLeft UIInterfaceOrientationLandscapeRight UIInterfaceOrientationPortrait UIInterfaceOrientationPortraitUpsideDown";
				LD_RUNPATH_SEARCH_PATHS = (
					"$(inherited)",
					"@executable_path/Frameworks",
				);
				MARKETING_VERSION = 1.0;
				PRODUCT_BUNDLE_IDENTIFIER = com.genysis.inc.Shop;
				PRODUCT_NAME = "$(TARGET_NAME)";
				STRING_CATALOG_GENERATE_SYMBOLS = YES;
				SWIFT_APPROACHABLE_CONCURRENCY = YES;
				SWIFT_DEFAULT_ACTOR_ISOLATION = MainActor;
				SWIFT_EMIT_LOC_STRINGS = YES;
				SWIFT_UPCOMING_FEATURE_MEMBER_IMPORT_VISIBILITY = YES;
				SWIFT_VERSION = 5.0;
				TARGETED_DEVICE_FAMILY = "1,2";
			};
			name = Debug;
		};
		0820184B2EF6F7DB001B5AAF /* Release */ = {
			isa = XCBuildConfiguration;
			buildSettings = {
				ASSETCATALOG_COMPILER_APPICON_NAME = AppIcon;
				ASSETCATALOG_COMPILER_GLOBAL_ACCENT_COLOR_NAME = AccentColor;
				CODE_SIGN_STYLE = Automatic;
				CURRENT_PROJECT_VERSION = 1;
				DEVELOPMENT_TEAM = 649YS6C548;
				ENABLE_PREVIEWS = YES;
				GENERATE_INFOPLIST_FILE = YES;
				INFOPLIST_FILE = Shop/Info.plist;
				INFOPLIST_KEY_UIApplicationSceneManifest_Generation = YES;
				INFOPLIST_KEY_UIApplicationSupportsIndirectInputEvents = YES;
				INFOPLIST_KEY_UILaunchScreen_Generation = YES;
				INFOPLIST_KEY_UILaunchStoryboardName = "Launch Screen";
				INFOPLIST_KEY_UISupportedInterfaceOrientations = UIInterfaceOrientationPortrait;
				INFOPLIST_KEY_UISupportedInterfaceOrientations_iPad = "UIInterfaceOrientationLandscapeLeft UIInterfaceOrientationLandscapeRight UIInterfaceOrientationPortrait UIInterfaceOrientationPortraitUpsideDown";
				LD_RUNPATH_SEARCH_PATHS = (
					"$(inherited)",
					"@executable_path/Frameworks",
				);
				MARKETING_VERSION = 1.0;
				PRODUCT_BUNDLE_IDENTIFIER = com.genysis.inc.Shop;
				PRODUCT_NAME = "$(TARGET_NAME)";
				STRING_CATALOG_GENERATE_SYMBOLS = YES;
				SWIFT_APPROACHABLE_CONCURRENCY = YES;
				SWIFT_DEFAULT_ACTOR_ISOLATION = MainActor;
				SWIFT_EMIT_LOC_STRINGS = YES;
				SWIFT_UPCOMING_FEATURE_MEMBER_IMPORT_VISIBILITY = YES;
				SWIFT_VERSION = 5.0;
				TARGETED_DEVICE_FAMILY = "1,2";
			};
			name = Release;
		};
/* End XCBuildConfiguration section */

/* Begin XCConfigurationList section */
		082018392EF6F7D9001B5AAF /* Build configuration list for PBXProject "Shop" */ = {
			isa = XCConfigurationList;
			buildConfigurations = (
				082018472EF6F7DB001B5AAF /* Debug */,
				082018482EF6F7DB001B5AAF /* Release */,
			);
			defaultConfigurationIsVisible = 0;
			defaultConfigurationName = Release;
		};
		082018492EF6F7DB001B5AAF /* Build configuration list for PBXNativeTarget "Shop" */ = {
			isa = XCConfigurationList;
			buildConfigurations = (
				0820184A2EF6F7DB001B5AAF /* Debug */,
				0820184B2EF6F7DB001B5AAF /* Release */,
			);
			defaultConfigurationIsVisible = 0;
			defaultConfigurationName = Release;
		};
/* End XCConfigurationList section */
	};
	rootObject = 082018362EF6F7D9001B5AAF /* Project object */;
}
